
Microsoft Visual Studio Solution File, Format Version 12.00
# Visual Studio Version 16
VisualStudioVersion = 16.0.31105.61
MinimumVisualStudioVersion = 10.0.40219.1
Project("{9A19103F-16F7-4668-BE54-9A1E7A4F7556}") = "00-LeetCode", "00-LeetCode\00-LeetCode.csproj", "{6E5EA871-781A-4D0C-A406-7FEAFD199678}"
EndProject
Project("{9A19103F-16F7-4668-BE54-9A1E7A4F7556}") = "01-复杂度", "01-复杂度\01-复杂度.csproj", "{C5D2D1C9-E732-4BDC-B780-6C8D00942F6A}"
EndProject
Project("{9A19103F-16F7-4668-BE54-9A1E7A4F7556}") = "06-二叉树", "06-二叉树\06-二叉树.csproj", "{466AE6AB-BE0D-4E3F-8F42-FE2383C3AC8C}"
EndProject
Project("{9A19103F-16F7-4668-BE54-9A1E7A4F7556}") = "05-队列", "05-队列\05-队列.csproj", "{59322FEA-B6F1-43E1-A60C-027CBB24E149}"
EndProject
Project("{9A19103F-16F7-4668-BE54-9A1E7A4F7556}") = "04-栈", "04-栈\04-栈.csproj", "{0320FA57-C0E6-4B4A-99EB-9705A11349B4}"
EndProject
Project("{9A19103F-16F7-4668-BE54-9A1E7A4F7556}") = "03-链表", "03-链表\03-链表.csproj", "{3602734D-6C07-4D74-AF49-767B02925ECF}"
EndProject
Project("{9A19103F-16F7-4668-BE54-9A1E7A4F7556}") = "02-动态数组", "02-动态数组\02-动态数组.csproj", "{782732A6-5C21-4A07-ABDE-9B3471440E0B}"
EndProject
Global
	GlobalSection(SolutionConfigurationPlatforms) = preSolution
		Debug|Any CPU = Debug|Any CPU
		Release|Any CPU = Release|Any CPU
	EndGlobalSection
	GlobalSection(ProjectConfigurationPlatforms) = postSolution
		{6E5EA871-781A-4D0C-A406-7FEAFD199678}.Debug|Any CPU.ActiveCfg = Debug|Any CPU
		{6E5EA871-781A-4D0C-A406-7FEAFD199678}.Debug|Any CPU.Build.0 = Debug|Any CPU
		{6E5EA871-781A-4D0C-A406-7FEAFD199678}.Release|Any CPU.ActiveCfg = Release|Any CPU
		{6E5EA871-781A-4D0C-A406-7FEAFD199678}.Release|Any CPU.Build.0 = Release|Any CPU
		{C5D2D1C9-E732-4BDC-B780-6C8D00942F6A}.Debug|Any CPU.ActiveCfg = Debug|Any CPU
		{C5D2D1C9-E732-4BDC-B780-6C8D00942F6A}.Debug|Any CPU.Build.0 = Debug|Any CPU
		{C5D2D1C9-E732-4BDC-B780-6C8D00942F6A}.Release|Any CPU.ActiveCfg = Release|Any CPU
		{C5D2D1C9-E732-4BDC-B780-6C8D00942F6A}.Release|Any CPU.Build.0 = Release|Any CPU
		{466AE6AB-BE0D-4E3F-8F42-FE2383C3AC8C}.Debug|Any CPU.ActiveCfg = Debug|Any CPU
		{466AE6AB-BE0D-4E3F-8F42-FE2383C3AC8C}.Debug|Any CPU.Build.0 = Debug|Any CPU
		{466AE6AB-BE0D-4E3F-8F42-FE2383C3AC8C}.Release|Any CPU.ActiveCfg = Release|Any CPU
		{466AE6AB-BE0D-4E3F-8F42-FE2383C3AC8C}.Release|Any CPU.Build.0 = Release|Any CPU
		{59322FEA-B6F1-43E1-A60C-027CBB24E149}.Debug|Any CPU.ActiveCfg = Debug|Any CPU
		{59322FEA-B6F1-43E1-A60C-027CBB24E149}.Debug|Any CPU.Build.0 = Debug|Any CPU
		{59322FEA-B6F1-43E1-A60C-027CBB24E149}.Release|Any CPU.ActiveCfg = Release|Any CPU
		{59322FEA-B6F1-43E1-A60C-027CBB24E149}.Release|Any CPU.Build.0 = Release|Any CPU
		{0320FA57-C0E6-4B4A-99EB-9705A11349B4}.Debug|Any CPU.ActiveCfg = Debug|Any CPU
		{0320FA57-C0E6-4B4A-99EB-9705A11349B4}.Debug|Any CPU.Build.0 = Debug|Any CPU
		{0320FA57-C0E6-4B4A-99EB-9705A11349B4}.Release|Any CPU.ActiveCfg = Release|Any CPU
		{0320FA57-C0E6-4B4A-99EB-9705A11349B4}.Release|Any CPU.Build.0 = Release|Any CPU
		{3602734D-6C07-4D74-AF49-767B02925ECF}.Debug|Any CPU.ActiveCfg = Debug|Any CPU
		{3602734D-6C07-4D74-AF49-767B02925ECF}.Debug|Any CPU.Build.0 = Debug|Any CPU
		{3602734D-6C07-4D74-AF49-767B02925ECF}.Release|Any CPU.ActiveCfg = Release|Any CPU
		{3602734D-6C07-4D74-AF49-767B02925ECF}.Release|Any CPU.Build.0 = Release|Any CPU
		{782732A6-5C21-4A07-ABDE-9B3471440E0B}.Debug|Any CPU.ActiveCfg = Debug|Any CPU
		{782732A6-5C21-4A07-ABDE-9B3471440E0B}.Debug|Any CPU.Build.0 = Debug|Any CPU
		{782732A6-5C21-4A07-ABDE-9B3471440E0B}.Release|Any CPU.ActiveCfg = Release|Any CPU
		{782732A6-5C21-4A07-ABDE-9B3471440E0B}.Release|Any CPU.Build.0 = Release|Any CPU
	EndGlobalSection
	GlobalSection(SolutionProperties) = preSolution
		HideSolutionNode = FALSE
	EndGlobalSection
	GlobalSection(ExtensibilityGlobals) = postSolution
		SolutionGuid = {5F0476D3-9C1A-416D-B9C1-E215647036A7}
	EndGlobalSection
EndGlobal
